// !$*UTF8*$!
{
	archiveVersion = 1;
	classes = {
	};
	objectVersion = 56;
	objects = {

/* Begin PBXBuildFile section */
		F8BDE9C72AB98331008FD9FB /* MVVM_CApp.swift in Sources */ = {isa = PBXBuildFile; fileRef = F8BDE9C62AB98331008FD9FB /* MVVM_CApp.swift */; };
		F8BDE9CB2AB98333008FD9FB /* Assets.xcassets in Resources */ = {isa = PBXBuildFile; fileRef = F8BDE9CA2AB98333008FD9FB /* Assets.xcassets */; };
		F8BDE9CE2AB98333008FD9FB /* Preview Assets.xcassets in Resources */ = {isa = PBXBuildFile; fileRef = F8BDE9CD2AB98333008FD9FB /* Preview Assets.xcassets */; };
		F8BDE9DA2AB98362008FD9FB /* AppCordinator.swift in Sources */ = {isa = PBXBuildFile; fileRef = F8BDE9D92AB98362008FD9FB /* AppCordinator.swift */; };
		F8BDE9DD2AB9837F008FD9FB /* Coordinator.swift in Sources */ = {isa = PBXBuildFile; fileRef = F8BDE9DC2AB9837F008FD9FB /* Coordinator.swift */; };
		F8BDE9E12AB983D1008FD9FB /* LoginView.swift in Sources */ = {isa = PBXBuildFile; fileRef = F8BDE9E02AB983D1008FD9FB /* LoginView.swift */; };
		F8BDE9E52AB9840E008FD9FB /* LoginViewModel.swift in Sources */ = {isa = PBXBuildFile; fileRef = F8BDE9E42AB9840E008FD9FB /* LoginViewModel.swift */; };
		F8BDE9E72AB987AF008FD9FB /* HomeViewModel.swift in Sources */ = {isa = PBXBuildFile; fileRef = F8BDE9E62AB987AF008FD9FB /* HomeViewModel.swift */; };
		F8BDE9E92AB987DA008FD9FB /* MainCoordinatorView.swift in Sources */ = {isa = PBXBuildFile; fileRef = F8BDE9E82AB987DA008FD9FB /* MainCoordinatorView.swift */; };
		F8BDE9EC2AB9883A008FD9FB /* FirstTabView.swift in Sources */ = {isa = PBXBuildFile; fileRef = F8BDE9EB2AB9883A008FD9FB /* FirstTabView.swift */; };
		F8BDE9EE2AB98843008FD9FB /* SecondTabView.swift in Sources */ = {isa = PBXBuildFile; fileRef = F8BDE9ED2AB98843008FD9FB /* SecondTabView.swift */; };
		F8BDE9F12AB98898008FD9FB /* FirstTabViewModel.swift in Sources */ = {isa = PBXBuildFile; fileRef = F8BDE9F02AB98898008FD9FB /* FirstTabViewModel.swift */; };
		F8BDE9F32AB988A2008FD9FB /* SecondTabViewModel.swift in Sources */ = {isa = PBXBuildFile; fileRef = F8BDE9F22AB988A2008FD9FB /* SecondTabViewModel.swift */; };
		F8BDE9F72AB98970008FD9FB /* MainCoordinator.swift in Sources */ = {isa = PBXBuildFile; fileRef = F8BDE9F62AB9896F008FD9FB /* MainCoordinator.swift */; };
		F8BDE9FB2AB99373008FD9FB /* FirstTabCoordinator.swift in Sources */ = {isa = PBXBuildFile; fileRef = F8BDE9FA2AB99373008FD9FB /* FirstTabCoordinator.swift */; };
		F8BDE9FD2AB99383008FD9FB /* SecondTabCoordinator.swift in Sources */ = {isa = PBXBuildFile; fileRef = F8BDE9FC2AB99383008FD9FB /* SecondTabCoordinator.swift */; };
/* End PBXBuildFile section */

/* Begin PBXFileReference section */
		F8BDE9C32AB98331008FD9FB /* MVVM-C.app */ = {isa = PBXFileReference; explicitFileType = wrapper.application; includeInIndex = 0; path = "MVVM-C.app"; sourceTree = BUILT_PRODUCTS_DIR; };
		F8BDE9C62AB98331008FD9FB /* MVVM_CApp.swift */ = {isa = PBXFileReference; lastKnownFileType = sourcecode.swift; path = MVVM_CApp.swift; sourceTree = "<group>"; };
		F8BDE9CA2AB98333008FD9FB /* Assets.xcassets */ = {isa = PBXFileReference; lastKnownFileType = folder.assetcatalog; path = Assets.xcassets; sourceTree = "<group>"; };
		F8BDE9CD2AB98333008FD9FB /* Preview Assets.xcassets */ = {isa = PBXFileReference; lastKnownFileType = folder.assetcatalog; path = "Preview Assets.xcassets"; sourceTree = "<group>"; };
		F8BDE9D92AB98362008FD9FB /* AppCordinator.swift */ = {isa = PBXFileReference; lastKnownFileType = sourcecode.swift; path = AppCordinator.swift; sourceTree = "<group>"; };
		F8BDE9DC2AB9837F008FD9FB /* Coordinator.swift */ = {isa = PBXFileReference; lastKnownFileType = sourcecode.swift; path = Coordinator.swift; sourceTree = "<group>"; };
		F8BDE9E02AB983D1008FD9FB /* LoginView.swift */ = {isa = PBXFileReference; lastKnownFileType = sourcecode.swift; path = LoginView.swift; sourceTree = "<group>"; };
		F8BDE9E42AB9840E008FD9FB /* LoginViewModel.swift */ = {isa = PBXFileReference; lastKnownFileType = sourcecode.swift; path = LoginViewModel.swift; sourceTree = "<group>"; };
		F8BDE9E62AB987AF008FD9FB /* HomeViewModel.swift */ = {isa = PBXFileReference; lastKnownFileType = sourcecode.swift; path = HomeViewModel.swift; sourceTree = "<group>"; };
		F8BDE9E82AB987DA008FD9FB /* MainCoordinatorView.swift */ = {isa = PBXFileReference; lastKnownFileType = sourcecode.swift; path = MainCoordinatorView.swift; sourceTree = "<group>"; };
		F8BDE9EB2AB9883A008FD9FB /* FirstTabView.swift */ = {isa = PBXFileReference; lastKnownFileType = sourcecode.swift; path = FirstTabView.swift; sourceTree = "<group>"; };
		F8BDE9ED2AB98843008FD9FB /* SecondTabView.swift */ = {isa = PBXFileReference; lastKnownFileType = sourcecode.swift; path = SecondTabView.swift; sourceTree = "<group>"; };
		F8BDE9F02AB98898008FD9FB /* FirstTabViewModel.swift */ = {isa = PBXFileReference; lastKnownFileType = sourcecode.swift; path = FirstTabViewModel.swift; sourceTree = "<group>"; };
		F8BDE9F22AB988A2008FD9FB /* SecondTabViewModel.swift */ = {isa = PBXFileReference; lastKnownFileType = sourcecode.swift; path = SecondTabViewModel.swift; sourceTree = "<group>"; };
		F8BDE9F62AB9896F008FD9FB /* MainCoordinator.swift */ = {isa = PBXFileReference; lastKnownFileType = sourcecode.swift; path = MainCoordinator.swift; sourceTree = "<group>"; };
		F8BDE9FA2AB99373008FD9FB /* FirstTabCoordinator.swift */ = {isa = PBXFileReference; lastKnownFileType = sourcecode.swift; path = FirstTabCoordinator.swift; sourceTree = "<group>"; };
		F8BDE9FC2AB99383008FD9FB /* SecondTabCoordinator.swift */ = {isa = PBXFileReference; lastKnownFileType = sourcecode.swift; path = SecondTabCoordinator.swift; sourceTree = "<group>"; };
/* End PBXFileReference section */

/* Begin PBXFrameworksBuildPhase section */
		F8BDE9C02AB98331008FD9FB /* Frameworks */ = {
			isa = PBXFrameworksBuildPhase;
			buildActionMask = 2147483647;
			files = (
			);
			runOnlyForDeploymentPostprocessing = 0;
		};
/* End PBXFrameworksBuildPhase section */

/* Begin PBXGroup section */
		F8BDE9BA2AB98331008FD9FB = {
			isa = PBXGroup;
			children = (
				F8BDE9C52AB98331008FD9FB /* MVVM-C */,
				F8BDE9C42AB98331008FD9FB /* Products */,
			);
			sourceTree = "<group>";
		};
		F8BDE9C42AB98331008FD9FB /* Products */ = {
			isa = PBXGroup;
			children = (
				F8BDE9C32AB98331008FD9FB /* MVVM-C.app */,
			);
			name = Products;
			sourceTree = "<group>";
		};
		F8BDE9C52AB98331008FD9FB /* MVVM-C */ = {
			isa = PBXGroup;
			children = (
				F8BDE9C62AB98331008FD9FB /* MVVM_CApp.swift */,
				F8BDE9D82AB98352008FD9FB /* Scene */,
				F8BDE9D72AB9834C008FD9FB /* ViewModel */,
				F8BDE9D62AB98348008FD9FB /* View */,
				F8BDE9D52AB98343008FD9FB /* Model */,
				F8BDE9D42AB9833C008FD9FB /* Coordinator */,
				F8BDE9CA2AB98333008FD9FB /* Assets.xcassets */,
				F8BDE9CC2AB98333008FD9FB /* Preview Content */,
			);
			path = "MVVM-C";
			sourceTree = "<group>";
		};
		F8BDE9CC2AB98333008FD9FB /* Preview Content */ = {
			isa = PBXGroup;
			children = (
				F8BDE9CD2AB98333008FD9FB /* Preview Assets.xcassets */,
			);
			path = "Preview Content";
			sourceTree = "<group>";
		};
		F8BDE9D42AB9833C008FD9FB /* Coordinator */ = {
			isa = PBXGroup;
			children = (
				F8BDE9F52AB9893E008FD9FB /* MainCoordinatorAndTabs */,
				F8BDE9F42AB98935008FD9FB /* AppCoordinatore */,
				F8BDE9DB2AB98373008FD9FB /* Protocol */,
			);
			path = Coordinator;
			sourceTree = "<group>";
		};
		F8BDE9D52AB98343008FD9FB /* Model */ = {
			isa = PBXGroup;
			children = (
			);
			path = Model;
			sourceTree = "<group>";
		};
		F8BDE9D62AB98348008FD9FB /* View */ = {
			isa = PBXGroup;
			children = (
			);
			path = View;
			sourceTree = "<group>";
		};
		F8BDE9D72AB9834C008FD9FB /* ViewModel */ = {
			isa = PBXGroup;
			children = (
				F8BDE9E22AB983F8008FD9FB /* Login */,
				F8BDE9E32AB983FD008FD9FB /* Home */,
			);
			path = ViewModel;
			sourceTree = "<group>";
		};
		F8BDE9D82AB98352008FD9FB /* Scene */ = {
			isa = PBXGroup;
			children = (
				F8BDE9DF2AB983C0008FD9FB /* Login */,
				F8BDE9DE2AB983BC008FD9FB /* Home */,
			);
			path = Scene;
			sourceTree = "<group>";
		};
		F8BDE9DB2AB98373008FD9FB /* Protocol */ = {
			isa = PBXGroup;
			children = (
				F8BDE9DC2AB9837F008FD9FB /* Coordinator.swift */,
			);
			path = Protocol;
			sourceTree = "<group>";
		};
		F8BDE9DE2AB983BC008FD9FB /* Home */ = {
			isa = PBXGroup;
			children = (
				F8BDE9EA2AB9881E008FD9FB /* MainCoordinatorView */,
				F8BDE9EB2AB9883A008FD9FB /* FirstTabView.swift */,
				F8BDE9ED2AB98843008FD9FB /* SecondTabView.swift */,
			);
			path = Home;
			sourceTree = "<group>";
		};
		F8BDE9DF2AB983C0008FD9FB /* Login */ = {
			isa = PBXGroup;
			children = (
				F8BDE9E02AB983D1008FD9FB /* LoginView.swift */,
			);
			path = Login;
			sourceTree = "<group>";
		};
		F8BDE9E22AB983F8008FD9FB /* Login */ = {
			isa = PBXGroup;
			children = (
				F8BDE9E42AB9840E008FD9FB /* LoginViewModel.swift */,
			);
			path = Login;
			sourceTree = "<group>";
		};
		F8BDE9E32AB983FD008FD9FB /* Home */ = {
			isa = PBXGroup;
			children = (
				F8BDE9EF2AB98877008FD9FB /* MainHomeTab */,
				F8BDE9F02AB98898008FD9FB /* FirstTabViewModel.swift */,
				F8BDE9F22AB988A2008FD9FB /* SecondTabViewModel.swift */,
			);
			path = Home;
			sourceTree = "<group>";
		};
		F8BDE9EA2AB9881E008FD9FB /* MainCoordinatorView */ = {
			isa = PBXGroup;
			children = (
				F8BDE9E82AB987DA008FD9FB /* MainCoordinatorView.swift */,
			);
			path = MainCoordinatorView;
			sourceTree = "<group>";
		};
		F8BDE9EF2AB98877008FD9FB /* MainHomeTab */ = {
			isa = PBXGroup;
			children = (
				F8BDE9E62AB987AF008FD9FB /* HomeViewModel.swift */,
			);
			path = MainHomeTab;
			sourceTree = "<group>";
		};
		F8BDE9F42AB98935008FD9FB /* AppCoordinatore */ = {
			isa = PBXGroup;
			children = (
				F8BDE9D92AB98362008FD9FB /* AppCordinator.swift */,
			);
			path = AppCoordinatore;
			sourceTree = "<group>";
		};
		F8BDE9F52AB9893E008FD9FB /* MainCoordinatorAndTabs */ = {
			isa = PBXGroup;
			children = (
				F8BDE9F82AB99350008FD9FB /* MainCoordinator */,
				F8BDE9F92AB9935E008FD9FB /* TabsCoordinator */,
			);
			path = MainCoordinatorAndTabs;
			sourceTree = "<group>";
		};
		F8BDE9F82AB99350008FD9FB /* MainCoordinator */ = {
			isa = PBXGroup;
			children = (
				F8BDE9F62AB9896F008FD9FB /* MainCoordinator.swift */,
			);
			path = MainCoordinator;
			sourceTree = "<group>";
		};
		F8BDE9F92AB9935E008FD9FB /* TabsCoordinator */ = {
			isa = PBXGroup;
			children = (
				F8BDE9FA2AB99373008FD9FB /* FirstTabCoordinator.swift */,
				F8BDE9FC2AB99383008FD9FB /* SecondTabCoordinator.swift */,
			);
			path = TabsCoordinator;
			sourceTree = "<group>";
		};
/* End PBXGroup section */

/* Begin PBXNativeTarget section */
		F8BDE9C22AB98331008FD9FB /* MVVM-C */ = {
			isa = PBXNativeTarget;
			buildConfigurationList = F8BDE9D12AB98333008FD9FB /* Build configuration list for PBXNativeTarget "MVVM-C" */;
			buildPhases = (
				F8BDE9BF2AB98331008FD9FB /* Sources */,
				F8BDE9C02AB98331008FD9FB /* Frameworks */,
				F8BDE9C12AB98331008FD9FB /* Resources */,
			);
			buildRules = (
			);
			dependencies = (
			);
			name = "MVVM-C";
			productName = "MVVM-C";
			productReference = F8BDE9C32AB98331008FD9FB /* MVVM-C.app */;
			productType = "com.apple.product-type.application";
		};
/* End PBXNativeTarget section */

/* Begin PBXProject section */
		F8BDE9BB2AB98331008FD9FB /* Project object */ = {
			isa = PBXProject;
			attributes = {
				BuildIndependentTargetsInParallel = 1;
				LastSwiftUpdateCheck = 1420;
				LastUpgradeCheck = 1420;
				TargetAttributes = {
					F8BDE9C22AB98331008FD9FB = {
						CreatedOnToolsVersion = 14.2;
					};
				};
			};
			buildConfigurationList = F8BDE9BE2AB98331008FD9FB /* Build configuration list for PBXProject "MVVM-C" */;
			compatibilityVersion = "Xcode 14.0";
			developmentRegion = en;
			hasScannedForEncodings = 0;
			knownRegions = (
				en,
				Base,
			);
			mainGroup = F8BDE9BA2AB98331008FD9FB;
			productRefGroup = F8BDE9C42AB98331008FD9FB /* Products */;
			projectDirPath = "";
			projectRoot = "";
			targets = (
				F8BDE9C22AB98331008FD9FB /* MVVM-C */,
			);
		};
/* End PBXProject section */

/* Begin PBXResourcesBuildPhase section */
		F8BDE9C12AB98331008FD9FB /* Resources */ = {
			isa = PBXResourcesBuildPhase;
			buildActionMask = 2147483647;
			files = (
				F8BDE9CE2AB98333008FD9FB /* Preview Assets.xcassets in Resources */,
				F8BDE9CB2AB98333008FD9FB /* Assets.xcassets in Resources */,
			);
			runOnlyForDeploymentPostprocessing = 0;
		};
/* End PBXResourcesBuildPhase section */

/* Begin PBXSourcesBuildPhase section */
		F8BDE9BF2AB98331008FD9FB /* Sources */ = {
			isa = PBXSourcesBuildPhase;
			buildActionMask = 2147483647;
			files = (
				F8BDE9EE2AB98843008FD9FB /* SecondTabView.swift in Sources */,
				F8BDE9DD2AB9837F008FD9FB /* Coordinator.swift in Sources */,
				F8BDE9F12AB98898008FD9FB /* FirstTabViewModel.swift in Sources */,
				F8BDE9DA2AB98362008FD9FB /* AppCordinator.swift in Sources */,
				F8BDE9E72AB987AF008FD9FB /* HomeViewModel.swift in Sources */,
				F8BDE9E52AB9840E008FD9FB /* LoginViewModel.swift in Sources */,
				F8BDE9E92AB987DA008FD9FB /* MainCoordinatorView.swift in Sources */,
				F8BDE9F72AB98970008FD9FB /* MainCoordinator.swift in Sources */,
				F8BDE9E12AB983D1008FD9FB /* LoginView.swift in Sources */,
				F8BDE9FB2AB99373008FD9FB /* FirstTabCoordinator.swift in Sources */,
				F8BDE9FD2AB99383008FD9FB /* SecondTabCoordinator.swift in Sources */,
				F8BDE9EC2AB9883A008FD9FB /* FirstTabView.swift in Sources */,
				F8BDE9F32AB988A2008FD9FB /* SecondTabViewModel.swift in Sources */,
				F8BDE9C72AB98331008FD9FB /* MVVM_CApp.swift in Sources */,
			);
			runOnlyForDeploymentPostprocessing = 0;
		};
/* End PBXSourcesBuildPhase section */

/* Begin XCBuildConfiguration section */
		F8BDE9CF2AB98333008FD9FB /* Debug */ = {
			isa = XCBuildConfiguration;
			buildSettings = {
				ALWAYS_SEARCH_USER_PATHS = NO;
				CLANG_ANALYZER_NONNULL = YES;
				CLANG_ANALYZER_NUMBER_OBJECT_CONVERSION = YES_AGGRESSIVE;
				CLANG_CXX_LANGUAGE_STANDARD = "gnu++20";
				CLANG_ENABLE_MODULES = YES;
				CLANG_ENABLE_OBJC_ARC = YES;
				CLANG_ENABLE_OBJC_WEAK = YES;
				CLANG_WARN_BLOCK_CAPTURE_AUTORELEASING = YES;
				CLANG_WARN_BOOL_CONVERSION = YES;
				CLANG_WARN_COMMA = YES;
				CLANG_WARN_CONSTANT_CONVERSION = YES;
				CLANG_WARN_DEPRECATED_OBJC_IMPLEMENTATIONS = YES;
				CLANG_WARN_DIRECT_OBJC_ISA_USAGE = YES_ERROR;
				CLANG_WARN_DOCUMENTATION_COMMENTS = YES;
				CLANG_WARN_EMPTY_BODY = YES;
				CLANG_WARN_ENUM_CONVERSION = YES;
				CLANG_WARN_INFINITE_RECURSION = YES;
				CLANG_WARN_INT_CONVERSION = YES;
				CLANG_WARN_NON_LITERAL_NULL_CONVERSION = YES;
				CLANG_WARN_OBJC_IMPLICIT_RETAIN_SELF = YES;
				CLANG_WARN_OBJC_LITERAL_CONVERSION = YES;
				CLANG_WARN_OBJC_ROOT_CLASS = YES_ERROR;
				CLANG_WARN_QUOTED_INCLUDE_IN_FRAMEWORK_HEADER = YES;
				CLANG_WARN_RANGE_LOOP_ANALYSIS = YES;
				CLANG_WARN_STRICT_PROTOTYPES = YES;
				CLANG_WARN_SUSPICIOUS_MOVE = YES;
				CLANG_WARN_UNGUARDED_AVAILABILITY = YES_AGGRESSIVE;
				CLANG_WARN_UNREACHABLE_CODE = YES;
				CLANG_WARN__DUPLICATE_METHOD_MATCH = YES;
				COPY_PHASE_STRIP = NO;
				DEBUG_INFORMATION_FORMAT = dwarf;
				ENABLE_STRICT_OBJC_MSGSEND = YES;
				ENABLE_TESTABILITY = YES;
				GCC_C_LANGUAGE_STANDARD = gnu11;
				GCC_DYNAMIC_NO_PIC = NO;
				GCC_NO_COMMON_BLOCKS = YES;
				GCC_OPTIMIZATION_LEVEL = 0;
				GCC_PREPROCESSOR_DEFINITIONS = (
					"DEBUG=1",
					"$(inherited)",
				);
				GCC_WARN_64_TO_32_BIT_CONVERSION = YES;
				GCC_WARN_ABOUT_RETURN_TYPE = YES_ERROR;
				GCC_WARN_UNDECLARED_SELECTOR = YES;
				GCC_WARN_UNINITIALIZED_AUTOS = YES_AGGRESSIVE;
				GCC_WARN_UNUSED_FUNCTION = YES;
				GCC_WARN_UNUSED_VARIABLE = YES;
				IPHONEOS_DEPLOYMENT_TARGET = 16.2;
				MTL_ENABLE_DEBUG_INFO = INCLUDE_SOURCE;
				MTL_FAST_MATH = YES;
				ONLY_ACTIVE_ARCH = YES;
				SDKROOT = iphoneos;
				SWIFT_ACTIVE_COMPILATION_CONDITIONS = DEBUG;
				SWIFT_OPTIMIZATION_LEVEL = "-Onone";
			};
			name = Debug;
		};
		F8BDE9D02AB98333008FD9FB /* Release */ = {
			isa = XCBuildConfiguration;
			buildSettings = {
				ALWAYS_SEARCH_USER_PATHS = NO;
				CLANG_ANALYZER_NONNULL = YES;
				CLANG_ANALYZER_NUMBER_OBJECT_CONVERSION = YES_AGGRESSIVE;
				CLANG_CXX_LANGUAGE_STANDARD = "gnu++20";
				CLANG_ENABLE_MODULES = YES;
				CLANG_ENABLE_OBJC_ARC = YES;
				CLANG_ENABLE_OBJC_WEAK = YES;
				CLANG_WARN_BLOCK_CAPTURE_AUTORELEASING = YES;
				CLANG_WARN_BOOL_CONVERSION = YES;
				CLANG_WARN_COMMA = YES;
				CLANG_WARN_CONSTANT_CONVERSION = YES;
				CLANG_WARN_DEPRECATED_OBJC_IMPLEMENTATIONS = YES;
				CLANG_WARN_DIRECT_OBJC_ISA_USAGE = YES_ERROR;
				CLANG_WARN_DOCUMENTATION_COMMENTS = YES;
				CLANG_WARN_EMPTY_BODY = YES;
				CLANG_WARN_ENUM_CONVERSION = YES;
				CLANG_WARN_INFINITE_RECURSION = YES;
				CLANG_WARN_INT_CONVERSION = YES;
				CLANG_WARN_NON_LITERAL_NULL_CONVERSION = YES;
				CLANG_WARN_OBJC_IMPLICIT_RETAIN_SELF = YES;
				CLANG_WARN_OBJC_LITERAL_CONVERSION = YES;
				CLANG_WARN_OBJC_ROOT_CLASS = YES_ERROR;
				CLANG_WARN_QUOTED_INCLUDE_IN_FRAMEWORK_HEADER = YES;
				CLANG_WARN_RANGE_LOOP_ANALYSIS = YES;
				CLANG_WARN_STRICT_PROTOTYPES = YES;
				CLANG_WARN_SUSPICIOUS_MOVE = YES;
				CLANG_WARN_UNGUARDED_AVAILABILITY = YES_AGGRESSIVE;
				CLANG_WARN_UNREACHABLE_CODE = YES;
				CLANG_WARN__DUPLICATE_METHOD_MATCH = YES;
				COPY_PHASE_STRIP = NO;
				DEBUG_INFORMATION_FORMAT = "dwarf-with-dsym";
				ENABLE_NS_ASSERTIONS = NO;
				ENABLE_STRICT_OBJC_MSGSEND = YES;
				GCC_C_LANGUAGE_STANDARD = gnu11;
				GCC_NO_COMMON_BLOCKS = YES;
				GCC_WARN_64_TO_32_BIT_CONVERSION = YES;
				GCC_WARN_ABOUT_RETURN_TYPE = YES_ERROR;
				GCC_WARN_UNDECLARED_SELECTOR = YES;
				GCC_WARN_UNINITIALIZED_AUTOS = YES_AGGRESSIVE;
				GCC_WARN_UNUSED_FUNCTION = YES;
				GCC_WARN_UNUSED_VARIABLE = YES;
				IPHONEOS_DEPLOYMENT_TARGET = 16.2;
				MTL_ENABLE_DEBUG_INFO = NO;
				MTL_FAST_MATH = YES;
				SDKROOT = iphoneos;
				SWIFT_COMPILATION_MODE = wholemodule;
				SWIFT_OPTIMIZATION_LEVEL = "-O";
				VALIDATE_PRODUCT = YES;
			};
			name = Release;
		};
		F8BDE9D22AB98333008FD9FB /* Debug */ = {
			isa = XCBuildConfiguration;
			buildSettings = {
				ASSETCATALOG_COMPILER_APPICON_NAME = AppIcon;
				ASSETCATALOG_COMPILER_GLOBAL_ACCENT_COLOR_NAME = AccentColor;
				CODE_SIGN_STYLE = Automatic;
				CURRENT_PROJECT_VERSION = 1;
				DEVELOPMENT_ASSET_PATHS = "\"MVVM-C/Preview Content\"";
				DEVELOPMENT_TEAM = M8S29G9Z3W;
				ENABLE_PREVIEWS = YES;
				GENERATE_INFOPLIST_FILE = YES;
				INFOPLIST_KEY_UIApplicationSceneManifest_Generation = YES;
				INFOPLIST_KEY_UIApplicationSupportsIndirectInputEvents = YES;
				INFOPLIST_KEY_UILaunchScreen_Generation = YES;
				INFOPLIST_KEY_UISupportedInterfaceOrientations_iPad = "UIInterfaceOrientationPortrait UIInterfaceOrientationPortraitUpsideDown UIInterfaceOrientationLandscapeLeft UIInterfaceOrientationLandscapeRight";
				INFOPLIST_KEY_UISupportedInterfaceOrientations_iPhone = "UIInterfaceOrientationPortrait UIInterfaceOrientationLandscapeLeft UIInterfaceOrientationLandscapeRight";
				IPHONEOS_DEPLOYMENT_TARGET = 15.0;
				LD_RUNPATH_SEARCH_PATHS = (
					"$(inherited)",
					"@executable_path/Frameworks",
				);
				MARKETING_VERSION = 1.0;
				PRODUCT_BUNDLE_IDENTIFIER = "Swift.oday.MVVM-C";
				PRODUCT_NAME = "$(TARGET_NAME)";
				SWIFT_EMIT_LOC_STRINGS = YES;
				SWIFT_VERSION = 5.0;
				TARGETED_DEVICE_FAMILY = "1,2";
			};
			name = Debug;
		};
		F8BDE9D32AB98333008FD9FB /* Release */ = {
			isa = XCBuildConfiguration;
			buildSettings = {
				ASSETCATALOG_COMPILER_APPICON_NAME = AppIcon;
				ASSETCATALOG_COMPILER_GLOBAL_ACCENT_COLOR_NAME = AccentColor;
				CODE_SIGN_STYLE = Automatic;
				CURRENT_PROJECT_VERSION = 1;
				DEVELOPMENT_ASSET_PATHS = "\"MVVM-C/Preview Content\"";
				DEVELOPMENT_TEAM = M8S29G9Z3W;
				ENABLE_PREVIEWS = YES;
				GENERATE_INFOPLIST_FILE = YES;
				INFOPLIST_KEY_UIApplicationSceneManifest_Generation = YES;
				INFOPLIST_KEY_UIApplicationSupportsIndirectInputEvents = YES;
				INFOPLIST_KEY_UILaunchScreen_Generation = YES;
				INFOPLIST_KEY_UISupportedInterfaceOrientations_iPad = "UIInterfaceOrientationPortrait UIInterfaceOrientationPortraitUpsideDown UIInterfaceOrientationLandscapeLeft UIInterfaceOrientationLandscapeRight";
				INFOPLIST_KEY_UISupportedInterfaceOrientations_iPhone = "UIInterfaceOrientationPortrait UIInterfaceOrientationLandscapeLeft UIInterfaceOrientationLandscapeRight";
				IPHONEOS_DEPLOYMENT_TARGET = 15.0;
				LD_RUNPATH_SEARCH_PATHS = (
					"$(inherited)",
					"@executable_path/Frameworks",
				);
				MARKETING_VERSION = 1.0;
				PRODUCT_BUNDLE_IDENTIFIER = "Swift.oday.MVVM-C";
				PRODUCT_NAME = "$(TARGET_NAME)";
				SWIFT_EMIT_LOC_STRINGS = YES;
				SWIFT_VERSION = 5.0;
				TARGETED_DEVICE_FAMILY = "1,2";
			};
			name = Release;
		};
/* End XCBuildConfiguration section */

/* Begin XCConfigurationList section */
		F8BDE9BE2AB98331008FD9FB /* Build configuration list for PBXProject "MVVM-C" */ = {
			isa = XCConfigurationList;
			buildConfigurations = (
				F8BDE9CF2AB98333008FD9FB /* Debug */,
				F8BDE9D02AB98333008FD9FB /* Release */,
			);
			defaultConfigurationIsVisible = 0;
			defaultConfigurationName = Release;
		};
		F8BDE9D12AB98333008FD9FB /* Build configuration list for PBXNativeTarget "MVVM-C" */ = {
			isa = XCConfigurationList;
			buildConfigurations = (
				F8BDE9D22AB98333008FD9FB /* Debug */,
				F8BDE9D32AB98333008FD9FB /* Release */,
			);
			defaultConfigurationIsVisible = 0;
			defaultConfigurationName = Release;
		};
/* End XCConfigurationList section */
	};
	rootObject = F8BDE9BB2AB98331008FD9FB /* Project object */;
}
